
Microsoft Visual Studio Solution File, Format Version 12.00
# Visual Studio Version 16
VisualStudioVersion = 16.0.33927.289
MinimumVisualStudioVersion = 10.0.40219.1
Project("{2150E333-8FDC-42A3-9474-1A3956D46DE8}") = "Task0", "Task0", "{DBC79DF8-1EDB-4A34-A115-D0A883CEB320}"
EndProject
Project("{FAE04EC0-301F-11D3-BF4B-00C04F79EFBC}") = "Tyuiu.SabarovDA.Sprint4.Task0.V20", "Tyuiu.SabarovDA.Sprint4.Task0.V20\Tyuiu.SabarovDA.Sprint4.Task0.V20.csproj", "{05D43EF5-1544-47E0-9CA8-B92D918364A9}"
EndProject
Project("{FAE04EC0-301F-11D3-BF4B-00C04F79EFBC}") = "Tyuiu.SabarovDA.Sprint4.Task0.V20.Lib", "Tyuiu.SabarovDA.Sprint4.Task0.V20.Lib\Tyuiu.SabarovDA.Sprint4.Task0.V20.Lib.csproj", "{07F03D4A-C2DB-400A-800E-406A1A555A7C}"
EndProject
Project("{FAE04EC0-301F-11D3-BF4B-00C04F79EFBC}") = "Tyuiu.SabarovDA.Sprint4.Task0.V20.Test", "Tyuiu.SabarovDA.Sprint4.Task0.V20.Test\Tyuiu.SabarovDA.Sprint4.Task0.V20.Test.csproj", "{E1488A2F-E562-43D5-85F2-CD7553C8A51B}"
EndProject
Project("{2150E333-8FDC-42A3-9474-1A3956D46DE8}") = "Task1", "Task1", "{626B56A5-B2BB-4CE0-B35D-9E30D69C3BE7}"
EndProject
Project("{FAE04EC0-301F-11D3-BF4B-00C04F79EFBC}") = "Tyuiu.SabarovDA.Sprint4.Task1.V21", "Tyuiu.SabarovDA.Sprint4.Task1.V21\Tyuiu.SabarovDA.Sprint4.Task1.V21.csproj", "{6F4BE865-ACF9-4FA9-B172-66806F7B52BE}"
EndProject
Project("{FAE04EC0-301F-11D3-BF4B-00C04F79EFBC}") = "Tyuiu.SabarovDA.Sprint4.Task1.V21.Lib", "Tyuiu.SabarovDA.Sprint4.Task1.V21.Lib\Tyuiu.SabarovDA.Sprint4.Task1.V21.Lib.csproj", "{19395563-AC40-41CF-8E7F-A9DD7392A661}"
EndProject
Project("{FAE04EC0-301F-11D3-BF4B-00C04F79EFBC}") = "Tyuiu.SabarovDA.Sprint4.Task1.V21.Test", "Tyuiu.SabarovDA.Sprint4.Task1.V21.Test\Tyuiu.SabarovDA.Sprint4.Task1.V21.Test.csproj", "{BD03A54B-15F8-4C16-B8EF-3A27C9A1509D}"
EndProject
Global
	GlobalSection(SolutionConfigurationPlatforms) = preSolution
		Debug|Any CPU = Debug|Any CPU
		Release|Any CPU = Release|Any CPU
	EndGlobalSection
	GlobalSection(ProjectConfigurationPlatforms) = postSolution
		{05D43EF5-1544-47E0-9CA8-B92D918364A9}.Debug|Any CPU.ActiveCfg = Debug|Any CPU
		{05D43EF5-1544-47E0-9CA8-B92D918364A9}.Debug|Any CPU.Build.0 = Debug|Any CPU
		{05D43EF5-1544-47E0-9CA8-B92D918364A9}.Release|Any CPU.ActiveCfg = Release|Any CPU
		{05D43EF5-1544-47E0-9CA8-B92D918364A9}.Release|Any CPU.Build.0 = Release|Any CPU
		{07F03D4A-C2DB-400A-800E-406A1A555A7C}.Debug|Any CPU.ActiveCfg = Debug|Any CPU
		{07F03D4A-C2DB-400A-800E-406A1A555A7C}.Debug|Any CPU.Build.0 = Debug|Any CPU
		{07F03D4A-C2DB-400A-800E-406A1A555A7C}.Release|Any CPU.ActiveCfg = Release|Any CPU
		{07F03D4A-C2DB-400A-800E-406A1A555A7C}.Release|Any CPU.Build.0 = Release|Any CPU
		{E1488A2F-E562-43D5-85F2-CD7553C8A51B}.Debug|Any CPU.ActiveCfg = Debug|Any CPU
		{E1488A2F-E562-43D5-85F2-CD7553C8A51B}.Debug|Any CPU.Build.0 = Debug|Any CPU
		{E1488A2F-E562-43D5-85F2-CD7553C8A51B}.Release|Any CPU.ActiveCfg = Release|Any CPU
		{E1488A2F-E562-43D5-85F2-CD7553C8A51B}.Release|Any CPU.Build.0 = Release|Any CPU
		{6F4BE865-ACF9-4FA9-B172-66806F7B52BE}.Debug|Any CPU.ActiveCfg = Debug|Any CPU
		{6F4BE865-ACF9-4FA9-B172-66806F7B52BE}.Debug|Any CPU.Build.0 = Debug|Any CPU
		{6F4BE865-ACF9-4FA9-B172-66806F7B52BE}.Release|Any CPU.ActiveCfg = Release|Any CPU
		{6F4BE865-ACF9-4FA9-B172-66806F7B52BE}.Release|Any CPU.Build.0 = Release|Any CPU
		{19395563-AC40-41CF-8E7F-A9DD7392A661}.Debug|Any CPU.ActiveCfg = Debug|Any CPU
		{19395563-AC40-41CF-8E7F-A9DD7392A661}.Debug|Any CPU.Build.0 = Debug|Any CPU
		{19395563-AC40-41CF-8E7F-A9DD7392A661}.Release|Any CPU.ActiveCfg = Release|Any CPU
		{19395563-AC40-41CF-8E7F-A9DD7392A661}.Release|Any CPU.Build.0 = Release|Any CPU
		{BD03A54B-15F8-4C16-B8EF-3A27C9A1509D}.Debug|Any CPU.ActiveCfg = Debug|Any CPU
		{BD03A54B-15F8-4C16-B8EF-3A27C9A1509D}.Debug|Any CPU.Build.0 = Debug|Any CPU
		{BD03A54B-15F8-4C16-B8EF-3A27C9A1509D}.Release|Any CPU.ActiveCfg = Release|Any CPU
		{BD03A54B-15F8-4C16-B8EF-3A27C9A1509D}.Release|Any CPU.Build.0 = Release|Any CPU
	EndGlobalSection
	GlobalSection(SolutionProperties) = preSolution
		HideSolutionNode = FALSE
	EndGlobalSection
	GlobalSection(NestedProjects) = preSolution
		{05D43EF5-1544-47E0-9CA8-B92D918364A9} = {DBC79DF8-1EDB-4A34-A115-D0A883CEB320}
		{07F03D4A-C2DB-400A-800E-406A1A555A7C} = {DBC79DF8-1EDB-4A34-A115-D0A883CEB320}
		{E1488A2F-E562-43D5-85F2-CD7553C8A51B} = {DBC79DF8-1EDB-4A34-A115-D0A883CEB320}
		{6F4BE865-ACF9-4FA9-B172-66806F7B52BE} = {626B56A5-B2BB-4CE0-B35D-9E30D69C3BE7}
		{19395563-AC40-41CF-8E7F-A9DD7392A661} = {626B56A5-B2BB-4CE0-B35D-9E30D69C3BE7}
		{BD03A54B-15F8-4C16-B8EF-3A27C9A1509D} = {626B56A5-B2BB-4CE0-B35D-9E30D69C3BE7}
	EndGlobalSection
	GlobalSection(ExtensibilityGlobals) = postSolution
		SolutionGuid = {99303A51-910F-40CD-AE79-E185B4B0F517}
	EndGlobalSection
EndGlobal
